// !$*UTF8*$!
{
	archiveVersion = 1;
	classes = {
	};
	objectVersion = 77;
	objects = {

/* Begin PBXBuildFile section */
		011837AF8291E7B8265EEDEC /* CaptureResultScreen.swift in Sources */ = {isa = PBXBuildFile; fileRef = 0ABA87ED916A9A013B27E1F6 /* CaptureResultScreen.swift */; };
		02B387F2B8F5169CD952AF87 /* ToggleItemIntent.swift in Sources */ = {isa = PBXBuildFile; fileRef = BF74E2E9C9F10503C5BE3C49 /* ToggleItemIntent.swift */; };
		02B943275EF425E3A477CEFE /* BarcodeScanScreen.swift in Sources */ = {isa = PBXBuildFile; fileRef = E092602DFFFF39152F5AD7D7 /* BarcodeScanScreen.swift */; };
		041FE1D9D27B41BF58F608DB /* ListCatalog.swift in Sources */ = {isa = PBXBuildFile; fileRef = D9888D53361CE7462D7739B5 /* ListCatalog.swift */; };
		0E05A6A7C6B4DE8DB7E4E09E /* DesignKit in Frameworks */ = {isa = PBXBuildFile; productRef = A01EDB2CE8303B339E2FBB67 /* DesignKit */; };
		105CB301D4DD6C92F8169E78 /* IntentContext.swift in Sources */ = {isa = PBXBuildFile; fileRef = 486795AC3DC3DCE3150F35B3 /* IntentContext.swift */; };
		155F2242088E5BC0BC3107FA /* ReceiptReviewScreen.swift in Sources */ = {isa = PBXBuildFile; fileRef = 2025F6D7ECB895E99B5C4C81 /* ReceiptReviewScreen.swift */; };
		23C5C27DE0001EFDDAC6606D /* ListStore.swift in Sources */ = {isa = PBXBuildFile; fileRef = 74625467DA0C35562890C7C3 /* ListStore.swift */; };
		247D19D0BF474F8D7C7B5EE2 /* FirstReceiptSheet.swift in Sources */ = {isa = PBXBuildFile; fileRef = AF0B43F1ECBE23CBCDE8785A /* FirstReceiptSheet.swift */; };
		24C60DB0F0A45DF8BC71448B /* BaggedWidget.appex in Embed Foundation Extensions */ = {isa = PBXBuildFile; fileRef = 3487ADA2EC48C3CF87C58BAC /* BaggedWidget.appex */; settings = {ATTRIBUTES = (RemoveHeadersOnCopy, ); }; };
		29BCFC00F28B2597DBDCF536 /* ReceiptCameraScreen.swift in Sources */ = {isa = PBXBuildFile; fileRef = 0D8DAC4259CF17559802BD72 /* ReceiptCameraScreen.swift */; };
		2B9E92A2548D9C14A25114FB /* Data in Frameworks */ = {isa = PBXBuildFile; productRef = 49B29BF1BF358620CCF0FFCE /* Data */; };
		2CE5E64AC761B1FA177E51D3 /* ScanClientTests.swift in Sources */ = {isa = PBXBuildFile; fileRef = 28A52006C1CA8525D06F1F83 /* ScanClientTests.swift */; };
		3245D5CB876B9E9C2B72F901 /* ShopSwitcherSheet.swift in Sources */ = {isa = PBXBuildFile; fileRef = FF1FF9C6688494D7BACF7A19 /* ShopSwitcherSheet.swift */; };
		32D14488446F083A3F124090 /* ComponentSnapshotTests.swift in Sources */ = {isa = PBXBuildFile; fileRef = B0B57345BC42CCEEBEDD3F18 /* ComponentSnapshotTests.swift */; };
		36B74B284373B9F531FF7AF3 /* ListDerivation.swift in Sources */ = {isa = PBXBuildFile; fileRef = D553ED7891F6E02C157FEB4F /* ListDerivation.swift */; };
		3A544631DEF10CEDA4DFAF74 /* ToggleItemIntent.swift in Sources */ = {isa = PBXBuildFile; fileRef = BF74E2E9C9F10503C5BE3C49 /* ToggleItemIntent.swift */; };
		3A5A8F78ADA26F0CD240814A /* IntentVoice.swift in Sources */ = {isa = PBXBuildFile; fileRef = 0386BC836D5F04000D9BBBC8 /* IntentVoice.swift */; };
		3B1E48B7063B14E181B26F18 /* CaptureSessionTests.swift in Sources */ = {isa = PBXBuildFile; fileRef = 80DDB6EA5DD394870861243D /* CaptureSessionTests.swift */; };
		4A489F2991196AB3E6A69885 /* PriceStoreTests.swift in Sources */ = {isa = PBXBuildFile; fileRef = 08B967837984CB0D4C87DDC4 /* PriceStoreTests.swift */; };
		4ABFEBD60AEB9C79B76CB9AA /* Environment+.swift in Sources */ = {isa = PBXBuildFile; fileRef = B72D41E78E2AFD648E6A4575 /* Environment+.swift */; };
		4F62C070D5990390AD236DC5 /* Data in Frameworks */ = {isa = PBXBuildFile; productRef = 919FA0E84ED33100E26EDB70 /* Data */; };
		50355A63867BCDF44C85497B /* ListSheetsUITests.swift in Sources */ = {isa = PBXBuildFile; fileRef = 6578CF8D08826B5828E66364 /* ListSheetsUITests.swift */; };
		508834FA3DF8DF85F703BACA /* Core in Frameworks */ = {isa = PBXBuildFile; productRef = 603A9A9EE0C492D5C7C85687 /* Core */; };
		50B9D18D7C9CF92FAF44A4BC /* ListScreen.swift in Sources */ = {isa = PBXBuildFile; fileRef = 0176190A707CD38EB1ABD8EB /* ListScreen.swift */; };
		5412440A3CC6F8A3DB525C47 /* ListStoreTests.swift in Sources */ = {isa = PBXBuildFile; fileRef = 373B10F90FEBD404F06126DC /* ListStoreTests.swift */; };
		5687FD0DB40EBB137E0CC98B /* Data in Frameworks */ = {isa = PBXBuildFile; productRef = 23504A04665E3F8D751805B7 /* Data */; };
		5862A2DC83C44828E4F6768A /* ListWidgetView.swift in Sources */ = {isa = PBXBuildFile; fileRef = B5826AD1088DF1CAE9FE14F6 /* ListWidgetView.swift */; };
		606B24D13C8E3B3884746989 /* ProductLookupTests.swift in Sources */ = {isa = PBXBuildFile; fileRef = D55D28988057826F5E4D1BDC /* ProductLookupTests.swift */; };
		63E9406E338AF3B0ADAE84D3 /* Catalog in Frameworks */ = {isa = PBXBuildFile; productRef = 635D385562A124E4E8B0D559 /* Catalog */; };
		664CF6811C6EB196E98A779F /* VisionService.swift in Sources */ = {isa = PBXBuildFile; fileRef = 6DF551CA9917B1FDF717BEA4 /* VisionService.swift */; };
		665D5741480B15EEF4CE125D /* Sheet.swift in Sources */ = {isa = PBXBuildFile; fileRef = CA1C337E4F7A67A299322328 /* Sheet.swift */; };
		668DECCBE3562E145C962E76 /* WidgetProviderTests.swift in Sources */ = {isa = PBXBuildFile; fileRef = C433C4A72639556FAD0814E1 /* WidgetProviderTests.swift */; };
		66F62FBC1C915BB61E14A9DB /* Core in Frameworks */ = {isa = PBXBuildFile; productRef = 8FEEA1A429E6738D5F1510FC /* Core */; };
		69727854DCE47859C4A064A7 /* CheckOffIntent.swift in Sources */ = {isa = PBXBuildFile; fileRef = 159D59EFEC688B1FDA3DFF2B /* CheckOffIntent.swift */; };
		6A7C7DD8124B62AE70911E9C /* BaggedShortcuts.swift in Sources */ = {isa = PBXBuildFile; fileRef = A904B9F71737B94357ECFBAC /* BaggedShortcuts.swift */; };
		6C9351525D561B4E70625436 /* ListWidgetView.swift in Sources */ = {isa = PBXBuildFile; fileRef = B5826AD1088DF1CAE9FE14F6 /* ListWidgetView.swift */; };
		6CF2CA8A3FE9D51A17306CCD /* CaptureOnlyUITests.swift in Sources */ = {isa = PBXBuildFile; fileRef = 457278E0EEF329BEDBDCD9F1 /* CaptureOnlyUITests.swift */; };
		6E578E46F9156BFE4C59763D /* ToggleItemIntentTests.swift in Sources */ = {isa = PBXBuildFile; fileRef = F546F4EC08090BF71EB50B51 /* ToggleItemIntentTests.swift */; };
		70D1DF1B3D41B9AD545157D3 /* ShopEntity.swift in Sources */ = {isa = PBXBuildFile; fileRef = 966CDD54CFDEC11B9C958C1D /* ShopEntity.swift */; };
		73140FB533033E9393236246 /* PricesTabUITests.swift in Sources */ = {isa = PBXBuildFile; fileRef = 69D08273F63F5A0C7898DFD4 /* PricesTabUITests.swift */; };
		764D7DB0A53B0BA1DF294286 /* CaptureDerivation.swift in Sources */ = {isa = PBXBuildFile; fileRef = ED76FF0314F4A087DAB67EBD /* CaptureDerivation.swift */; };
		78EB33F001C8D4BE08A2B213 /* ItemDetailSheet.swift in Sources */ = {isa = PBXBuildFile; fileRef = 8AA8E9D67C2C76DE84915807 /* ItemDetailSheet.swift */; };
		792A0971CC9196E051B1A220 /* ReceiptFlowUITests.swift in Sources */ = {isa = PBXBuildFile; fileRef = 576481409FE39AF04273FA57 /* ReceiptFlowUITests.swift */; };
		7A7064B2551B960D36A2CC31 /* ScanClient.swift in Sources */ = {isa = PBXBuildFile; fileRef = 13776C5A3BC3883229CD417A /* ScanClient.swift */; };
		7A800EA32B419EF2B2E49FE8 /* ListDerivation.swift in Sources */ = {isa = PBXBuildFile; fileRef = D553ED7891F6E02C157FEB4F /* ListDerivation.swift */; };
		7BF4EB38657FE7A0AE945615 /* SnapshotTesting in Frameworks */ = {isa = PBXBuildFile; productRef = AFF363EDF10F31CE9D57361B /* SnapshotTesting */; };
		7F7999E601162C334C0E014F /* IntentsTests.swift in Sources */ = {isa = PBXBuildFile; fileRef = A0E538773FA39E10C206F7A1 /* IntentsTests.swift */; };
		87958CCA15C7684177EC9214 /* WidgetProvider.swift in Sources */ = {isa = PBXBuildFile; fileRef = E3CB1DC0FE08E993E8C6B65C /* WidgetProvider.swift */; };
		879639136075214345BBACD1 /* ProductLookup.swift in Sources */ = {isa = PBXBuildFile; fileRef = 8970529A2B723D6A182B32DB /* ProductLookup.swift */; };
		888AC9E68B33E154F8EC00AA /* FlowWalkthroughUITests.swift in Sources */ = {isa = PBXBuildFile; fileRef = 826336EF0FFBFF4CB84F2202 /* FlowWalkthroughUITests.swift */; };
		A0A52BF88ACE2AEF6D00C476 /* ScriptedScanBackend.swift in Sources */ = {isa = PBXBuildFile; fileRef = DB083884337E10E4CF6D3D4C /* ScriptedScanBackend.swift */; };
		A0ECEB0EA9EC0C7A2A0AEC6B /* ListDerivation.swift in Sources */ = {isa = PBXBuildFile; fileRef = D553ED7891F6E02C157FEB4F /* ListDerivation.swift */; };
		A22D8F691415D726FC14EA90 /* Catalog in Frameworks */ = {isa = PBXBuildFile; productRef = C4199C3201916F74B5CEB12B /* Catalog */; };
		ABB1E2F643B7B26C2329D468 /* WidgetProvider.swift in Sources */ = {isa = PBXBuildFile; fileRef = E3CB1DC0FE08E993E8C6B65C /* WidgetProvider.swift */; };
		AE657DBE110AF326F9992274 /* PriceHistoryScreen.swift in Sources */ = {isa = PBXBuildFile; fileRef = 5A1B02D913BDBCB85B3E3536 /* PriceHistoryScreen.swift */; };
		B0DBD14158003166B82C4FAB /* BaggedWidget.swift in Sources */ = {isa = PBXBuildFile; fileRef = 7F13CC74A1EA9466EED2F352 /* BaggedWidget.swift */; };
		B25C850E1D9D6E79EA91CF0B /* MonthSpendScreen.swift in Sources */ = {isa = PBXBuildFile; fileRef = 10534F93C6A72353272D3C48 /* MonthSpendScreen.swift */; };
		B29F72E729E287F72E3B935F /* CaptureChooserSheet.swift in Sources */ = {isa = PBXBuildFile; fileRef = C6C409A234316931BC5A31AA /* CaptureChooserSheet.swift */; };
		B4458E7458AD4AF15DE8328F /* EnterByHandScreen.swift in Sources */ = {isa = PBXBuildFile; fileRef = D674C9BB48375EBAF32511EA /* EnterByHandScreen.swift */; };
		C084A2F99AFED76203026A0D /* ReceiptCamera.swift in Sources */ = {isa = PBXBuildFile; fileRef = 476C6213808D415E6217215B /* ReceiptCamera.swift */; };
		C300752C9785593D1717C460 /* ListCatalog.swift in Sources */ = {isa = PBXBuildFile; fileRef = D9888D53361CE7462D7739B5 /* ListCatalog.swift */; };
		C462AE040529B80E88D6FDB9 /* LineResolverScreen.swift in Sources */ = {isa = PBXBuildFile; fileRef = 4EC463089A8438A477389773 /* LineResolverScreen.swift */; };
		CBD1A0E8F63D37E2C72C6A67 /* DesignKit in Frameworks */ = {isa = PBXBuildFile; productRef = 531582A190BBD61957C9F8A7 /* DesignKit */; };
		CBE0296500099BEB07BC134C /* Catalog in Frameworks */ = {isa = PBXBuildFile; productRef = 1D244DCC5B6E96F7B93F57A4 /* Catalog */; };
		CC6DEA6E1FB740965D7A0F73 /* ListCatalog.swift in Sources */ = {isa = PBXBuildFile; fileRef = D9888D53361CE7462D7739B5 /* ListCatalog.swift */; };
		CEBA69433DF6BE9EF62702CB /* PriceStore.swift in Sources */ = {isa = PBXBuildFile; fileRef = B9DD114B17309B2C0325DCCE /* PriceStore.swift */; };
		D021EF6E84403A8BA28CC28D /* AisleOrderEditor.swift in Sources */ = {isa = PBXBuildFile; fileRef = C85D1B7BA879948DB38DDBF3 /* AisleOrderEditor.swift */; };
		D4C9BDED09DE08B91ED1FB42 /* RootView.swift in Sources */ = {isa = PBXBuildFile; fileRef = 9998E8E66C056B83E3F0C641 /* RootView.swift */; };
		D56251126B62379BD9565732 /* Core in Frameworks */ = {isa = PBXBuildFile; productRef = D769272F2C3E4E2261642629 /* Core */; };
		D6668BA8D3619D6EE4332FFD /* WhatsLeftIntent.swift in Sources */ = {isa = PBXBuildFile; fileRef = 1F87968B13DDAC7D3A01A68A /* WhatsLeftIntent.swift */; };
		E11A873AB608208B4B0E93B6 /* MoneyText.swift in Sources */ = {isa = PBXBuildFile; fileRef = 3AF5C6C9F00B168C3C16DAA5 /* MoneyText.swift */; };
		E2AAFCF88484168DD99D5E24 /* ReadListIntent.swift in Sources */ = {isa = PBXBuildFile; fileRef = 20E89AD7ADA02FF4403BF8D3 /* ReadListIntent.swift */; };
		E4D8593E8653148934464499 /* Route.swift in Sources */ = {isa = PBXBuildFile; fileRef = 00AFF89CB334350544D1CCBE /* Route.swift */; };
		E5FE9184C172062FC10BFDCF /* PriceDerivation.swift in Sources */ = {isa = PBXBuildFile; fileRef = C32FE13A839CDE7AD1183F10 /* PriceDerivation.swift */; };
		E609A79F00B0784F1A63DEF7 /* RemoveItemIntent.swift in Sources */ = {isa = PBXBuildFile; fileRef = 32C719C334BA5272277D04BE /* RemoveItemIntent.swift */; };
		E722ACEEFAAAFF87533D21B6 /* AddItemIntent.swift in Sources */ = {isa = PBXBuildFile; fileRef = AA2D57FAC240279B967D0CED /* AddItemIntent.swift */; };
		EA7C3FDA8CF1B107D2B73A2C /* IntentList.swift in Sources */ = {isa = PBXBuildFile; fileRef = 06376DB800BDD4679C3AB3A4 /* IntentList.swift */; };
		EAE986E179FDB5253471B315 /* PricesScreen.swift in Sources */ = {isa = PBXBuildFile; fileRef = 3ABC75666947BAABF11ABD1C /* PricesScreen.swift */; };
		F19D369CE22FAD9E6CDCEBAF /* CaptureShopPicker.swift in Sources */ = {isa = PBXBuildFile; fileRef = 3650BCF367A36AEA4F918876 /* CaptureShopPicker.swift */; };
		F1FE9C6E8F4135EA9B2ED866 /* BaggedApp.swift in Sources */ = {isa = PBXBuildFile; fileRef = C9496DAE4A6A8F94B61CD1BC /* BaggedApp.swift */; };
		F38317924A6646AF4DE7DB23 /* CaptureSession.swift in Sources */ = {isa = PBXBuildFile; fileRef = 7D54E9B06FFD766D1D8A143E /* CaptureSession.swift */; };
		F94E6FB6491B2C73E83F738C /* ListItemEntity.swift in Sources */ = {isa = PBXBuildFile; fileRef = 9D8F287540CF2F8184937D09 /* ListItemEntity.swift */; };
		FBEB8349F6EA66094347F7A0 /* DesignKit in Frameworks */ = {isa = PBXBuildFile; productRef = A98860DFD24E684196649D5B /* DesignKit */; };
		FD98B490642C707CBF6B21E3 /* FakeScanBackend.swift in Sources */ = {isa = PBXBuildFile; fileRef = B599F11C8AE5F98529564375 /* FakeScanBackend.swift */; };
/* End PBXBuildFile section */

/* Begin PBXContainerItemProxy section */
		7306CAD51AB9B5A99576344B /* PBXContainerItemProxy */ = {
			isa = PBXContainerItemProxy;
			containerPortal = D04B6DB400FA85A8BF417973 /* Project object */;
			proxyType = 1;
			remoteGlobalIDString = B0012ECACF59ACDA5D358F75;
			remoteInfo = Bagged;
		};
		7DC8F64DF590C3674270C4FC /* PBXContainerItemProxy */ = {
			isa = PBXContainerItemProxy;
			containerPortal = D04B6DB400FA85A8BF417973 /* Project object */;
			proxyType = 1;
			remoteGlobalIDString = B0012ECACF59ACDA5D358F75;
			remoteInfo = Bagged;
		};
		A2EF94821F937B8B440C11EF /* PBXContainerItemProxy */ = {
			isa = PBXContainerItemProxy;
			containerPortal = D04B6DB400FA85A8BF417973 /* Project object */;
			proxyType = 1;
			remoteGlobalIDString = 738A3BDD5D6F8FB837D04722;
			remoteInfo = BaggedWidget;
		};
/* End PBXContainerItemProxy section */

/* Begin PBXCopyFilesBuildPhase section */
		AC4DBE3DC12158038B50230F /* Embed Foundation Extensions */ = {
			isa = PBXCopyFilesBuildPhase;
			buildActionMask = 2147483647;
			dstPath = "";
			dstSubfolderSpec = 13;
			files = (
				24C60DB0F0A45DF8BC71448B /* BaggedWidget.appex in Embed Foundation Extensions */,
			);
			name = "Embed Foundation Extensions";
			runOnlyForDeploymentPostprocessing = 0;
		};
/* End PBXCopyFilesBuildPhase section */

/* Begin PBXFileReference section */
		00AFF89CB334350544D1CCBE /* Route.swift */ = {isa = PBXFileReference; lastKnownFileType = sourcecode.swift; path = Route.swift; sourceTree = "<group>"; };
		0176190A707CD38EB1ABD8EB /* ListScreen.swift */ = {isa = PBXFileReference; lastKnownFileType = sourcecode.swift; path = ListScreen.swift; sourceTree = "<group>"; };
		0386BC836D5F04000D9BBBC8 /* IntentVoice.swift */ = {isa = PBXFileReference; lastKnownFileType = sourcecode.swift; path = IntentVoice.swift; sourceTree = "<group>"; };
		06376DB800BDD4679C3AB3A4 /* IntentList.swift */ = {isa = PBXFileReference; lastKnownFileType = sourcecode.swift; path = IntentList.swift; sourceTree = "<group>"; };
		08B967837984CB0D4C87DDC4 /* PriceStoreTests.swift */ = {isa = PBXFileReference; lastKnownFileType = sourcecode.swift; path = PriceStoreTests.swift; sourceTree = "<group>"; };
		0ABA87ED916A9A013B27E1F6 /* CaptureResultScreen.swift */ = {isa = PBXFileReference; lastKnownFileType = sourcecode.swift; path = CaptureResultScreen.swift; sourceTree = "<group>"; };
		0D8DAC4259CF17559802BD72 /* ReceiptCameraScreen.swift */ = {isa = PBXFileReference; lastKnownFileType = sourcecode.swift; path = ReceiptCameraScreen.swift; sourceTree = "<group>"; };
		10534F93C6A72353272D3C48 /* MonthSpendScreen.swift */ = {isa = PBXFileReference; lastKnownFileType = sourcecode.swift; path = MonthSpendScreen.swift; sourceTree = "<group>"; };
		13776C5A3BC3883229CD417A /* ScanClient.swift */ = {isa = PBXFileReference; lastKnownFileType = sourcecode.swift; path = ScanClient.swift; sourceTree = "<group>"; };
		159D59EFEC688B1FDA3DFF2B /* CheckOffIntent.swift */ = {isa = PBXFileReference; lastKnownFileType = sourcecode.swift; path = CheckOffIntent.swift; sourceTree = "<group>"; };
		1F87968B13DDAC7D3A01A68A /* WhatsLeftIntent.swift */ = {isa = PBXFileReference; lastKnownFileType = sourcecode.swift; path = WhatsLeftIntent.swift; sourceTree = "<group>"; };
		200A1659364EB7D24F6A8D1C /* Info.plist */ = {isa = PBXFileReference; lastKnownFileType = text.plist; path = Info.plist; sourceTree = "<group>"; };
		2025F6D7ECB895E99B5C4C81 /* ReceiptReviewScreen.swift */ = {isa = PBXFileReference; lastKnownFileType = sourcecode.swift; path = ReceiptReviewScreen.swift; sourceTree = "<group>"; };
		20E89AD7ADA02FF4403BF8D3 /* ReadListIntent.swift */ = {isa = PBXFileReference; lastKnownFileType = sourcecode.swift; path = ReadListIntent.swift; sourceTree = "<group>"; };
		28A52006C1CA8525D06F1F83 /* ScanClientTests.swift */ = {isa = PBXFileReference; lastKnownFileType = sourcecode.swift; path = ScanClientTests.swift; sourceTree = "<group>"; };
		32C719C334BA5272277D04BE /* RemoveItemIntent.swift */ = {isa = PBXFileReference; lastKnownFileType = sourcecode.swift; path = RemoveItemIntent.swift; sourceTree = "<group>"; };
		3487ADA2EC48C3CF87C58BAC /* BaggedWidget.appex */ = {isa = PBXFileReference; includeInIndex = 0; lastKnownFileType = "wrapper.app-extension"; path = BaggedWidget.appex; sourceTree = BUILT_PRODUCTS_DIR; };
		3650BCF367A36AEA4F918876 /* CaptureShopPicker.swift */ = {isa = PBXFileReference; lastKnownFileType = sourcecode.swift; path = CaptureShopPicker.swift; sourceTree = "<group>"; };
		373B10F90FEBD404F06126DC /* ListStoreTests.swift */ = {isa = PBXFileReference; lastKnownFileType = sourcecode.swift; path = ListStoreTests.swift; sourceTree = "<group>"; };
		3ABC75666947BAABF11ABD1C /* PricesScreen.swift */ = {isa = PBXFileReference; lastKnownFileType = sourcecode.swift; path = PricesScreen.swift; sourceTree = "<group>"; };
		3AF5C6C9F00B168C3C16DAA5 /* MoneyText.swift */ = {isa = PBXFileReference; lastKnownFileType = sourcecode.swift; path = MoneyText.swift; sourceTree = "<group>"; };
		457278E0EEF329BEDBDCD9F1 /* CaptureOnlyUITests.swift */ = {isa = PBXFileReference; lastKnownFileType = sourcecode.swift; path = CaptureOnlyUITests.swift; sourceTree = "<group>"; };
		476C6213808D415E6217215B /* ReceiptCamera.swift */ = {isa = PBXFileReference; lastKnownFileType = sourcecode.swift; path = ReceiptCamera.swift; sourceTree = "<group>"; };
		486795AC3DC3DCE3150F35B3 /* IntentContext.swift */ = {isa = PBXFileReference; lastKnownFileType = sourcecode.swift; path = IntentContext.swift; sourceTree = "<group>"; };
		4BD2A6411FB7A9369D24BE94 /* Core */ = {isa = PBXFileReference; lastKnownFileType = folder; name = Core; path = Packages/Core; sourceTree = SOURCE_ROOT; };
		4EC463089A8438A477389773 /* LineResolverScreen.swift */ = {isa = PBXFileReference; lastKnownFileType = sourcecode.swift; path = LineResolverScreen.swift; sourceTree = "<group>"; };
		5454864E51CE07790A8D56A0 /* Bagged.app */ = {isa = PBXFileReference; includeInIndex = 0; lastKnownFileType = wrapper.application; path = Bagged.app; sourceTree = BUILT_PRODUCTS_DIR; };
		576481409FE39AF04273FA57 /* ReceiptFlowUITests.swift */ = {isa = PBXFileReference; lastKnownFileType = sourcecode.swift; path = ReceiptFlowUITests.swift; sourceTree = "<group>"; };
		5A1B02D913BDBCB85B3E3536 /* PriceHistoryScreen.swift */ = {isa = PBXFileReference; lastKnownFileType = sourcecode.swift; path = PriceHistoryScreen.swift; sourceTree = "<group>"; };
		62897DEC0E9FD8CF69B17B6A /* Data */ = {isa = PBXFileReference; lastKnownFileType = folder; name = Data; path = Packages/Data; sourceTree = SOURCE_ROOT; };
		64C58CB42C97E0CFCC9CDB96 /* BaggedUITests.xctest */ = {isa = PBXFileReference; includeInIndex = 0; lastKnownFileType = wrapper.cfbundle; path = BaggedUITests.xctest; sourceTree = BUILT_PRODUCTS_DIR; };
		6578CF8D08826B5828E66364 /* ListSheetsUITests.swift */ = {isa = PBXFileReference; lastKnownFileType = sourcecode.swift; path = ListSheetsUITests.swift; sourceTree = "<group>"; };
		69D08273F63F5A0C7898DFD4 /* PricesTabUITests.swift */ = {isa = PBXFileReference; lastKnownFileType = sourcecode.swift; path = PricesTabUITests.swift; sourceTree = "<group>"; };
		6DF551CA9917B1FDF717BEA4 /* VisionService.swift */ = {isa = PBXFileReference; lastKnownFileType = sourcecode.swift; path = VisionService.swift; sourceTree = "<group>"; };
		73CC19375F534F4BA22907E4 /* BaggedWidget.entitlements */ = {isa = PBXFileReference; lastKnownFileType = text.plist.entitlements; path = BaggedWidget.entitlements; sourceTree = "<group>"; };
		74625467DA0C35562890C7C3 /* ListStore.swift */ = {isa = PBXFileReference; lastKnownFileType = sourcecode.swift; path = ListStore.swift; sourceTree = "<group>"; };
		754EE079BC45329511B45FEC /* Catalog */ = {isa = PBXFileReference; lastKnownFileType = folder; name = Catalog; path = Packages/Catalog; sourceTree = SOURCE_ROOT; };
		7D54E9B06FFD766D1D8A143E /* CaptureSession.swift */ = {isa = PBXFileReference; lastKnownFileType = sourcecode.swift; path = CaptureSession.swift; sourceTree = "<group>"; };
		7F13CC74A1EA9466EED2F352 /* BaggedWidget.swift */ = {isa = PBXFileReference; lastKnownFileType = sourcecode.swift; path = BaggedWidget.swift; sourceTree = "<group>"; };
		80DDB6EA5DD394870861243D /* CaptureSessionTests.swift */ = {isa = PBXFileReference; lastKnownFileType = sourcecode.swift; path = CaptureSessionTests.swift; sourceTree = "<group>"; };
		826336EF0FFBFF4CB84F2202 /* FlowWalkthroughUITests.swift */ = {isa = PBXFileReference; lastKnownFileType = sourcecode.swift; path = FlowWalkthroughUITests.swift; sourceTree = "<group>"; };
		8970529A2B723D6A182B32DB /* ProductLookup.swift */ = {isa = PBXFileReference; lastKnownFileType = sourcecode.swift; path = ProductLookup.swift; sourceTree = "<group>"; };
		8AA8E9D67C2C76DE84915807 /* ItemDetailSheet.swift */ = {isa = PBXFileReference; lastKnownFileType = sourcecode.swift; path = ItemDetailSheet.swift; sourceTree = "<group>"; };
		8CAAA30B0E7D4C114617BD3D /* Info.plist */ = {isa = PBXFileReference; lastKnownFileType = text.plist; path = Info.plist; sourceTree = "<group>"; };
		966CDD54CFDEC11B9C958C1D /* ShopEntity.swift */ = {isa = PBXFileReference; lastKnownFileType = sourcecode.swift; path = ShopEntity.swift; sourceTree = "<group>"; };
		9998E8E66C056B83E3F0C641 /* RootView.swift */ = {isa = PBXFileReference; lastKnownFileType = sourcecode.swift; path = RootView.swift; sourceTree = "<group>"; };
		9D8F287540CF2F8184937D09 /* ListItemEntity.swift */ = {isa = PBXFileReference; lastKnownFileType = sourcecode.swift; path = ListItemEntity.swift; sourceTree = "<group>"; };
		9FBFC3AED40D99DD3CEF8558 /* Bagged.entitlements */ = {isa = PBXFileReference; lastKnownFileType = text.plist.entitlements; path = Bagged.entitlements; sourceTree = "<group>"; };
		A0E538773FA39E10C206F7A1 /* IntentsTests.swift */ = {isa = PBXFileReference; lastKnownFileType = sourcecode.swift; path = IntentsTests.swift; sourceTree = "<group>"; };
		A904B9F71737B94357ECFBAC /* BaggedShortcuts.swift */ = {isa = PBXFileReference; lastKnownFileType = sourcecode.swift; path = BaggedShortcuts.swift; sourceTree = "<group>"; };
		AA2D57FAC240279B967D0CED /* AddItemIntent.swift */ = {isa = PBXFileReference; lastKnownFileType = sourcecode.swift; path = AddItemIntent.swift; sourceTree = "<group>"; };
		AF0B43F1ECBE23CBCDE8785A /* FirstReceiptSheet.swift */ = {isa = PBXFileReference; lastKnownFileType = sourcecode.swift; path = FirstReceiptSheet.swift; sourceTree = "<group>"; };
		AFBB24380EF71E04FB7D1191 /* BaggedTests.xctest */ = {isa = PBXFileReference; includeInIndex = 0; lastKnownFileType = wrapper.cfbundle; path = BaggedTests.xctest; sourceTree = BUILT_PRODUCTS_DIR; };
		B0B57345BC42CCEEBEDD3F18 /* ComponentSnapshotTests.swift */ = {isa = PBXFileReference; lastKnownFileType = sourcecode.swift; path = ComponentSnapshotTests.swift; sourceTree = "<group>"; };
		B5826AD1088DF1CAE9FE14F6 /* ListWidgetView.swift */ = {isa = PBXFileReference; lastKnownFileType = sourcecode.swift; path = ListWidgetView.swift; sourceTree = "<group>"; };
		B599F11C8AE5F98529564375 /* FakeScanBackend.swift */ = {isa = PBXFileReference; lastKnownFileType = sourcecode.swift; path = FakeScanBackend.swift; sourceTree = "<group>"; };
		B72D41E78E2AFD648E6A4575 /* Environment+.swift */ = {isa = PBXFileReference; lastKnownFileType = sourcecode.swift; path = "Environment+.swift"; sourceTree = "<group>"; };
		B9DD114B17309B2C0325DCCE /* PriceStore.swift */ = {isa = PBXFileReference; lastKnownFileType = sourcecode.swift; path = PriceStore.swift; sourceTree = "<group>"; };
		BF74E2E9C9F10503C5BE3C49 /* ToggleItemIntent.swift */ = {isa = PBXFileReference; lastKnownFileType = sourcecode.swift; path = ToggleItemIntent.swift; sourceTree = "<group>"; };
		C32FE13A839CDE7AD1183F10 /* PriceDerivation.swift */ = {isa = PBXFileReference; lastKnownFileType = sourcecode.swift; path = PriceDerivation.swift; sourceTree = "<group>"; };
		C433C4A72639556FAD0814E1 /* WidgetProviderTests.swift */ = {isa = PBXFileReference; lastKnownFileType = sourcecode.swift; path = WidgetProviderTests.swift; sourceTree = "<group>"; };
		C6C409A234316931BC5A31AA /* CaptureChooserSheet.swift */ = {isa = PBXFileReference; lastKnownFileType = sourcecode.swift; path = CaptureChooserSheet.swift; sourceTree = "<group>"; };
		C85D1B7BA879948DB38DDBF3 /* AisleOrderEditor.swift */ = {isa = PBXFileReference; lastKnownFileType = sourcecode.swift; path = AisleOrderEditor.swift; sourceTree = "<group>"; };
		C9496DAE4A6A8F94B61CD1BC /* BaggedApp.swift */ = {isa = PBXFileReference; lastKnownFileType = sourcecode.swift; path = BaggedApp.swift; sourceTree = "<group>"; };
		CA1C337E4F7A67A299322328 /* Sheet.swift */ = {isa = PBXFileReference; lastKnownFileType = sourcecode.swift; path = Sheet.swift; sourceTree = "<group>"; };
		D553ED7891F6E02C157FEB4F /* ListDerivation.swift */ = {isa = PBXFileReference; lastKnownFileType = sourcecode.swift; path = ListDerivation.swift; sourceTree = "<group>"; };
		D55D28988057826F5E4D1BDC /* ProductLookupTests.swift */ = {isa = PBXFileReference; lastKnownFileType = sourcecode.swift; path = ProductLookupTests.swift; sourceTree = "<group>"; };
		D674C9BB48375EBAF32511EA /* EnterByHandScreen.swift */ = {isa = PBXFileReference; lastKnownFileType = sourcecode.swift; path = EnterByHandScreen.swift; sourceTree = "<group>"; };
		D9888D53361CE7462D7739B5 /* ListCatalog.swift */ = {isa = PBXFileReference; lastKnownFileType = sourcecode.swift; path = ListCatalog.swift; sourceTree = "<group>"; };
		DB083884337E10E4CF6D3D4C /* ScriptedScanBackend.swift */ = {isa = PBXFileReference; lastKnownFileType = sourcecode.swift; path = ScriptedScanBackend.swift; sourceTree = "<group>"; };
		E092602DFFFF39152F5AD7D7 /* BarcodeScanScreen.swift */ = {isa = PBXFileReference; lastKnownFileType = sourcecode.swift; path = BarcodeScanScreen.swift; sourceTree = "<group>"; };
		E3CB1DC0FE08E993E8C6B65C /* WidgetProvider.swift */ = {isa = PBXFileReference; lastKnownFileType = sourcecode.swift; path = WidgetProvider.swift; sourceTree = "<group>"; };
		ECEB9835DE8F1AAA467AEC3C /* Base.xcconfig */ = {isa = PBXFileReference; lastKnownFileType = text.xcconfig; path = Base.xcconfig; sourceTree = "<group>"; };
		ED76FF0314F4A087DAB67EBD /* CaptureDerivation.swift */ = {isa = PBXFileReference; lastKnownFileType = sourcecode.swift; path = CaptureDerivation.swift; sourceTree = "<group>"; };
		F546F4EC08090BF71EB50B51 /* ToggleItemIntentTests.swift */ = {isa = PBXFileReference; lastKnownFileType = sourcecode.swift; path = ToggleItemIntentTests.swift; sourceTree = "<group>"; };
		FA3A50F3A04E50C5456BA04C /* WidgetTests.xctest */ = {isa = PBXFileReference; includeInIndex = 0; lastKnownFileType = wrapper.cfbundle; path = WidgetTests.xctest; sourceTree = BUILT_PRODUCTS_DIR; };
		FF1FF9C6688494D7BACF7A19 /* ShopSwitcherSheet.swift */ = {isa = PBXFileReference; lastKnownFileType = sourcecode.swift; path = ShopSwitcherSheet.swift; sourceTree = "<group>"; };
		FF7501F64A551A8209002AC6 /* DesignKit */ = {isa = PBXFileReference; lastKnownFileType = folder; name = DesignKit; path = Packages/DesignKit; sourceTree = SOURCE_ROOT; };
/* End PBXFileReference section */

/* Begin PBXFrameworksBuildPhase section */
		028CEA660E4DD6EA91F86E50 /* Frameworks */ = {
			isa = PBXFrameworksBuildPhase;
			buildActionMask = 2147483647;
			files = (
				7BF4EB38657FE7A0AE945615 /* SnapshotTesting in Frameworks */,
			);
			runOnlyForDeploymentPostprocessing = 0;
		};
		296ADBB2FE8AC5C4F82AE244 /* Frameworks */ = {
			isa = PBXFrameworksBuildPhase;
			buildActionMask = 2147483647;
			files = (
				D56251126B62379BD9565732 /* Core in Frameworks */,
				A22D8F691415D726FC14EA90 /* Catalog in Frameworks */,
				2B9E92A2548D9C14A25114FB /* Data in Frameworks */,
				CBD1A0E8F63D37E2C72C6A67 /* DesignKit in Frameworks */,
			);
			runOnlyForDeploymentPostprocessing = 0;
		};
		3ABC5F5DD7FF291EBF5CC234 /* Frameworks */ = {
			isa = PBXFrameworksBuildPhase;
			buildActionMask = 2147483647;
			files = (
				508834FA3DF8DF85F703BACA /* Core in Frameworks */,
				CBE0296500099BEB07BC134C /* Catalog in Frameworks */,
				4F62C070D5990390AD236DC5 /* Data in Frameworks */,
				FBEB8349F6EA66094347F7A0 /* DesignKit in Frameworks */,
			);
			runOnlyForDeploymentPostprocessing = 0;
		};
		DA492530799193FD8D2E7B7C /* Frameworks */ = {
			isa = PBXFrameworksBuildPhase;
			buildActionMask = 2147483647;
			files = (
				66F62FBC1C915BB61E14A9DB /* Core in Frameworks */,
				63E9406E338AF3B0ADAE84D3 /* Catalog in Frameworks */,
				5687FD0DB40EBB137E0CC98B /* Data in Frameworks */,
				0E05A6A7C6B4DE8DB7E4E09E /* DesignKit in Frameworks */,
			);
			runOnlyForDeploymentPostprocessing = 0;
		};
/* End PBXFrameworksBuildPhase section */

/* Begin PBXGroup section */
		1043FD3544608053708FDCCF /* Packages */ = {
			isa = PBXGroup;
			children = (
				754EE079BC45329511B45FEC /* Catalog */,
				4BD2A6411FB7A9369D24BE94 /* Core */,
				62897DEC0E9FD8CF69B17B6A /* Data */,
				FF7501F64A551A8209002AC6 /* DesignKit */,
			);
			path = Packages;
			sourceTree = "<group>";
		};
		10F53BEAD85AF262C39116B8 /* Entities */ = {
			isa = PBXGroup;
			children = (
				9D8F287540CF2F8184937D09 /* ListItemEntity.swift */,
				966CDD54CFDEC11B9C958C1D /* ShopEntity.swift */,
			);
			path = Entities;
			sourceTree = "<group>";
		};
		25748EDC043A6112086B0F2E /* UITests */ = {
			isa = PBXGroup;
			children = (
				457278E0EEF329BEDBDCD9F1 /* CaptureOnlyUITests.swift */,
				826336EF0FFBFF4CB84F2202 /* FlowWalkthroughUITests.swift */,
				6578CF8D08826B5828E66364 /* ListSheetsUITests.swift */,
				69D08273F63F5A0C7898DFD4 /* PricesTabUITests.swift */,
				576481409FE39AF04273FA57 /* ReceiptFlowUITests.swift */,
			);
			path = UITests;
			sourceTree = "<group>";
		};
		272ACBED11F40A537B217684 = {
			isa = PBXGroup;
			children = (
				546A7DD22AD6A04C8A230C4B /* App */,
				DDB30900915B91D3477EA374 /* Config */,
				E5783BFBDB649F8679FB8FF2 /* Intents */,
				1043FD3544608053708FDCCF /* Packages */,
				ADA432A8872211C685F0C3D8 /* Widget */,
				3BB9ABBDB514BDB4B712C2B3 /* Products */,
			);
			sourceTree = "<group>";
		};
		3BB9ABBDB514BDB4B712C2B3 /* Products */ = {
			isa = PBXGroup;
			children = (
				5454864E51CE07790A8D56A0 /* Bagged.app */,
				AFBB24380EF71E04FB7D1191 /* BaggedTests.xctest */,
				64C58CB42C97E0CFCC9CDB96 /* BaggedUITests.xctest */,
				3487ADA2EC48C3CF87C58BAC /* BaggedWidget.appex */,
				FA3A50F3A04E50C5456BA04C /* WidgetTests.xctest */,
			);
			name = Products;
			sourceTree = "<group>";
		};
		546A7DD22AD6A04C8A230C4B /* App */ = {
			isa = PBXGroup;
			children = (
				9FBFC3AED40D99DD3CEF8558 /* Bagged.entitlements */,
				C9496DAE4A6A8F94B61CD1BC /* BaggedApp.swift */,
				B72D41E78E2AFD648E6A4575 /* Environment+.swift */,
				200A1659364EB7D24F6A8D1C /* Info.plist */,
				9998E8E66C056B83E3F0C641 /* RootView.swift */,
				00AFF89CB334350544D1CCBE /* Route.swift */,
				CA1C337E4F7A67A299322328 /* Sheet.swift */,
				AE5A0B79E9DCA18760613177 /* Features */,
				C289571CC1205B03934FF059 /* Services */,
				7DC7A4BB86C14EB638847E57 /* SnapshotTests */,
				25748EDC043A6112086B0F2E /* UITests */,
			);
			path = App;
			sourceTree = "<group>";
		};
		7DC7A4BB86C14EB638847E57 /* SnapshotTests */ = {
			isa = PBXGroup;
			children = (
				B0B57345BC42CCEEBEDD3F18 /* ComponentSnapshotTests.swift */,
			);
			path = SnapshotTests;
			sourceTree = "<group>";
		};
		ADA432A8872211C685F0C3D8 /* Widget */ = {
			isa = PBXGroup;
			children = (
				73CC19375F534F4BA22907E4 /* BaggedWidget.entitlements */,
				7F13CC74A1EA9466EED2F352 /* BaggedWidget.swift */,
				8CAAA30B0E7D4C114617BD3D /* Info.plist */,
				B5826AD1088DF1CAE9FE14F6 /* ListWidgetView.swift */,
				BF74E2E9C9F10503C5BE3C49 /* ToggleItemIntent.swift */,
				F546F4EC08090BF71EB50B51 /* ToggleItemIntentTests.swift */,
				E3CB1DC0FE08E993E8C6B65C /* WidgetProvider.swift */,
				C433C4A72639556FAD0814E1 /* WidgetProviderTests.swift */,
			);
			path = Widget;
			sourceTree = "<group>";
		};
		AE5A0B79E9DCA18760613177 /* Features */ = {
			isa = PBXGroup;
			children = (
				C4D20798C810D94AFBF135F4 /* Capture */,
				C00D3471334DF825A3AE43A9 /* List */,
				EF5FEC8C6C81FB7B75D9FFDB /* Prices */,
			);
			path = Features;
			sourceTree = "<group>";
		};
		C00D3471334DF825A3AE43A9 /* List */ = {
			isa = PBXGroup;
			children = (
				C85D1B7BA879948DB38DDBF3 /* AisleOrderEditor.swift */,
				8AA8E9D67C2C76DE84915807 /* ItemDetailSheet.swift */,
				D9888D53361CE7462D7739B5 /* ListCatalog.swift */,
				D553ED7891F6E02C157FEB4F /* ListDerivation.swift */,
				0176190A707CD38EB1ABD8EB /* ListScreen.swift */,
				74625467DA0C35562890C7C3 /* ListStore.swift */,
				373B10F90FEBD404F06126DC /* ListStoreTests.swift */,
				FF1FF9C6688494D7BACF7A19 /* ShopSwitcherSheet.swift */,
			);
			path = List;
			sourceTree = "<group>";
		};
		C289571CC1205B03934FF059 /* Services */ = {
			isa = PBXGroup;
			children = (
				B599F11C8AE5F98529564375 /* FakeScanBackend.swift */,
				8970529A2B723D6A182B32DB /* ProductLookup.swift */,
				D55D28988057826F5E4D1BDC /* ProductLookupTests.swift */,
				13776C5A3BC3883229CD417A /* ScanClient.swift */,
				28A52006C1CA8525D06F1F83 /* ScanClientTests.swift */,
				DB083884337E10E4CF6D3D4C /* ScriptedScanBackend.swift */,
				6DF551CA9917B1FDF717BEA4 /* VisionService.swift */,
			);
			path = Services;
			sourceTree = "<group>";
		};
		C4D20798C810D94AFBF135F4 /* Capture */ = {
			isa = PBXGroup;
			children = (
				E092602DFFFF39152F5AD7D7 /* BarcodeScanScreen.swift */,
				C6C409A234316931BC5A31AA /* CaptureChooserSheet.swift */,
				ED76FF0314F4A087DAB67EBD /* CaptureDerivation.swift */,
				0ABA87ED916A9A013B27E1F6 /* CaptureResultScreen.swift */,
				7D54E9B06FFD766D1D8A143E /* CaptureSession.swift */,
				80DDB6EA5DD394870861243D /* CaptureSessionTests.swift */,
				3650BCF367A36AEA4F918876 /* CaptureShopPicker.swift */,
				D674C9BB48375EBAF32511EA /* EnterByHandScreen.swift */,
				AF0B43F1ECBE23CBCDE8785A /* FirstReceiptSheet.swift */,
				4EC463089A8438A477389773 /* LineResolverScreen.swift */,
				3AF5C6C9F00B168C3C16DAA5 /* MoneyText.swift */,
				476C6213808D415E6217215B /* ReceiptCamera.swift */,
				0D8DAC4259CF17559802BD72 /* ReceiptCameraScreen.swift */,
				2025F6D7ECB895E99B5C4C81 /* ReceiptReviewScreen.swift */,
			);
			path = Capture;
			sourceTree = "<group>";
		};
		DDB30900915B91D3477EA374 /* Config */ = {
			isa = PBXGroup;
			children = (
				ECEB9835DE8F1AAA467AEC3C /* Base.xcconfig */,
			);
			path = Config;
			sourceTree = "<group>";
		};
		E5783BFBDB649F8679FB8FF2 /* Intents */ = {
			isa = PBXGroup;
			children = (
				AA2D57FAC240279B967D0CED /* AddItemIntent.swift */,
				A904B9F71737B94357ECFBAC /* BaggedShortcuts.swift */,
				159D59EFEC688B1FDA3DFF2B /* CheckOffIntent.swift */,
				486795AC3DC3DCE3150F35B3 /* IntentContext.swift */,
				06376DB800BDD4679C3AB3A4 /* IntentList.swift */,
				A0E538773FA39E10C206F7A1 /* IntentsTests.swift */,
				0386BC836D5F04000D9BBBC8 /* IntentVoice.swift */,
				20E89AD7ADA02FF4403BF8D3 /* ReadListIntent.swift */,
				32C719C334BA5272277D04BE /* RemoveItemIntent.swift */,
				1F87968B13DDAC7D3A01A68A /* WhatsLeftIntent.swift */,
				10F53BEAD85AF262C39116B8 /* Entities */,
			);
			path = Intents;
			sourceTree = "<group>";
		};
		EF5FEC8C6C81FB7B75D9FFDB /* Prices */ = {
			isa = PBXGroup;
			children = (
				10534F93C6A72353272D3C48 /* MonthSpendScreen.swift */,
				C32FE13A839CDE7AD1183F10 /* PriceDerivation.swift */,
				5A1B02D913BDBCB85B3E3536 /* PriceHistoryScreen.swift */,
				3ABC75666947BAABF11ABD1C /* PricesScreen.swift */,
				B9DD114B17309B2C0325DCCE /* PriceStore.swift */,
				08B967837984CB0D4C87DDC4 /* PriceStoreTests.swift */,
			);
			path = Prices;
			sourceTree = "<group>";
		};
/* End PBXGroup section */

/* Begin PBXNativeTarget section */
		65DE7F9443785F1A01B1F380 /* BaggedUITests */ = {
			isa = PBXNativeTarget;
			buildConfigurationList = 970295121FAEE74AF3C15714 /* Build configuration list for PBXNativeTarget "BaggedUITests" */;
			buildPhases = (
				F2A9FC263B415B097EB3AC1A /* Sources */,
			);
			buildRules = (
			);
			dependencies = (
				F3B9B016F620FC8568BB2373 /* PBXTargetDependency */,
			);
			name = BaggedUITests;
			packageProductDependencies = (
			);
			productName = BaggedUITests;
			productReference = 64C58CB42C97E0CFCC9CDB96 /* BaggedUITests.xctest */;
			productType = "com.apple.product-type.bundle.ui-testing";
		};
		738A3BDD5D6F8FB837D04722 /* BaggedWidget */ = {
			isa = PBXNativeTarget;
			buildConfigurationList = 685425012FD22907B5AF3820 /* Build configuration list for PBXNativeTarget "BaggedWidget" */;
			buildPhases = (
				AF1B95DA257BCD98AE885F73 /* Sources */,
				296ADBB2FE8AC5C4F82AE244 /* Frameworks */,
			);
			buildRules = (
			);
			dependencies = (
			);
			name = BaggedWidget;
			packageProductDependencies = (
				D769272F2C3E4E2261642629 /* Core */,
				C4199C3201916F74B5CEB12B /* Catalog */,
				49B29BF1BF358620CCF0FFCE /* Data */,
				531582A190BBD61957C9F8A7 /* DesignKit */,
			);
			productName = BaggedWidget;
			productReference = 3487ADA2EC48C3CF87C58BAC /* BaggedWidget.appex */;
			productType = "com.apple.product-type.app-extension";
		};
		7710169CA92462A02F8E7761 /* BaggedTests */ = {
			isa = PBXNativeTarget;
			buildConfigurationList = 6D790B1F0EF02A0C7EE5C129 /* Build configuration list for PBXNativeTarget "BaggedTests" */;
			buildPhases = (
				E1AA58F948DF5C7F4070F9DE /* Sources */,
				028CEA660E4DD6EA91F86E50 /* Frameworks */,
			);
			buildRules = (
			);
			dependencies = (
				368ED65ABE1217D2541DAFF1 /* PBXTargetDependency */,
			);
			name = BaggedTests;
			packageProductDependencies = (
				AFF363EDF10F31CE9D57361B /* SnapshotTesting */,
			);
			productName = BaggedTests;
			productReference = AFBB24380EF71E04FB7D1191 /* BaggedTests.xctest */;
			productType = "com.apple.product-type.bundle.unit-test";
		};
		B0012ECACF59ACDA5D358F75 /* Bagged */ = {
			isa = PBXNativeTarget;
			buildConfigurationList = 3F2C25CEAFB38016040F33DC /* Build configuration list for PBXNativeTarget "Bagged" */;
			buildPhases = (
				76282AEE2AD35971C9CFE2F2 /* Check scan config */,
				8DE14268B6476BD5C5948EA2 /* Sources */,
				DA492530799193FD8D2E7B7C /* Frameworks */,
				AC4DBE3DC12158038B50230F /* Embed Foundation Extensions */,
			);
			buildRules = (
			);
			dependencies = (
				38342AAC0EB22B89D41A664A /* PBXTargetDependency */,
			);
			name = Bagged;
			packageProductDependencies = (
				8FEEA1A429E6738D5F1510FC /* Core */,
				635D385562A124E4E8B0D559 /* Catalog */,
				23504A04665E3F8D751805B7 /* Data */,
				A01EDB2CE8303B339E2FBB67 /* DesignKit */,
			);
			productName = Bagged;
			productReference = 5454864E51CE07790A8D56A0 /* Bagged.app */;
			productType = "com.apple.product-type.application";
		};
		F0FE449B5C0A4BEC966BC8D9 /* WidgetTests */ = {
			isa = PBXNativeTarget;
			buildConfigurationList = A308DB296421AF91E1F7DC3E /* Build configuration list for PBXNativeTarget "WidgetTests" */;
			buildPhases = (
				60D9B98F543954994546592B /* Sources */,
				3ABC5F5DD7FF291EBF5CC234 /* Frameworks */,
			);
			buildRules = (
			);
			dependencies = (
			);
			name = WidgetTests;
			packageProductDependencies = (
				603A9A9EE0C492D5C7C85687 /* Core */,
				1D244DCC5B6E96F7B93F57A4 /* Catalog */,
				919FA0E84ED33100E26EDB70 /* Data */,
				A98860DFD24E684196649D5B /* DesignKit */,
			);
			productName = WidgetTests;
			productReference = FA3A50F3A04E50C5456BA04C /* WidgetTests.xctest */;
			productType = "com.apple.product-type.bundle.unit-test";
		};
/* End PBXNativeTarget section */

/* Begin PBXProject section */
		D04B6DB400FA85A8BF417973 /* Project object */ = {
			isa = PBXProject;
			attributes = {
				BuildIndependentTargetsInParallel = YES;
				LastUpgradeCheck = 1430;
				TargetAttributes = {
					65DE7F9443785F1A01B1F380 = {
						ProvisioningStyle = Automatic;
						TestTargetID = B0012ECACF59ACDA5D358F75;
					};
					738A3BDD5D6F8FB837D04722 = {
						ProvisioningStyle = Automatic;
					};
					7710169CA92462A02F8E7761 = {
						ProvisioningStyle = Automatic;
					};
					B0012ECACF59ACDA5D358F75 = {
						ProvisioningStyle = Automatic;
					};
					F0FE449B5C0A4BEC966BC8D9 = {
						ProvisioningStyle = Automatic;
					};
				};
			};
			buildConfigurationList = 57CC63F1A1303625B26B589B /* Build configuration list for PBXProject "Bagged" */;
			developmentRegion = en;
			hasScannedForEncodings = 0;
			knownRegions = (
				Base,
				en,
			);
			mainGroup = 272ACBED11F40A537B217684;
			minimizedProjectReferenceProxies = 1;
			packageReferences = (
				00E8A5FEC6C358FD797A0268 /* XCRemoteSwiftPackageReference "swift-snapshot-testing" */,
				F92449DE5CD7059C4EB56C90 /* XCLocalSwiftPackageReference "Packages/Catalog" */,
				447C0EC0FEBD00627D11B9F5 /* XCLocalSwiftPackageReference "Packages/Core" */,
				A9B65639BBFF5039FE114B6C /* XCLocalSwiftPackageReference "Packages/Data" */,
				C99F45FD3917BA4EBFB15FCD /* XCLocalSwiftPackageReference "Packages/DesignKit" */,
			);
			preferredProjectObjectVersion = 77;
			productRefGroup = 3BB9ABBDB514BDB4B712C2B3 /* Products */;
			projectDirPath = "";
			projectRoot = "";
			targets = (
				B0012ECACF59ACDA5D358F75 /* Bagged */,
				738A3BDD5D6F8FB837D04722 /* BaggedWidget */,
				F0FE449B5C0A4BEC966BC8D9 /* WidgetTests */,
				7710169CA92462A02F8E7761 /* BaggedTests */,
				65DE7F9443785F1A01B1F380 /* BaggedUITests */,
			);
		};
/* End PBXProject section */

/* Begin PBXShellScriptBuildPhase section */
		76282AEE2AD35971C9CFE2F2 /* Check scan config */ = {
			isa = PBXShellScriptBuildPhase;
			alwaysOutOfDate = 1;
			buildActionMask = 2147483647;
			files = (
			);
			inputFileListPaths = (
			);
			inputPaths = (
			);
			name = "Check scan config";
			outputFileListPaths = (
			);
			outputPaths = (
			);
			runOnlyForDeploymentPostprocessing = 0;
			shellPath = /bin/sh;
			shellScript = "# A missing key and a missing account produce the same \"signed out\" message,\n# so a misconfigured App Store build would blame the user's account. Ship\n# builds must carry the config; dev builds only warn.\nif [ -z \"${SCAN_RECEIPT_ENDPOINT}\" ] || [ -z \"${SUPABASE_ANON_KEY}\" ]; then\n  if [ \"${CONFIGURATION}\" = \"Release\" ]; then\n    echo \"error: SCAN_RECEIPT_ENDPOINT / SUPABASE_ANON_KEY missing — fill Config/Secrets.xcconfig (see the template). A Release build without them ships a scanner that blames the user's account.\"\n    exit 1\n  else\n    echo \"warning: scan config absent — this build takes the signed-out scan path (fill Config/Secrets.xcconfig to reach the function)\"\n  fi\nfi\n";
		};
/* End PBXShellScriptBuildPhase section */

/* Begin PBXSourcesBuildPhase section */
		60D9B98F543954994546592B /* Sources */ = {
			isa = PBXSourcesBuildPhase;
			buildActionMask = 2147483647;
			files = (
				C300752C9785593D1717C460 /* ListCatalog.swift in Sources */,
				7A800EA32B419EF2B2E49FE8 /* ListDerivation.swift in Sources */,
				5862A2DC83C44828E4F6768A /* ListWidgetView.swift in Sources */,
				02B387F2B8F5169CD952AF87 /* ToggleItemIntent.swift in Sources */,
				6E578E46F9156BFE4C59763D /* ToggleItemIntentTests.swift in Sources */,
				ABB1E2F643B7B26C2329D468 /* WidgetProvider.swift in Sources */,
				668DECCBE3562E145C962E76 /* WidgetProviderTests.swift in Sources */,
			);
			runOnlyForDeploymentPostprocessing = 0;
		};
		8DE14268B6476BD5C5948EA2 /* Sources */ = {
			isa = PBXSourcesBuildPhase;
			buildActionMask = 2147483647;
			files = (
				E722ACEEFAAAFF87533D21B6 /* AddItemIntent.swift in Sources */,
				D021EF6E84403A8BA28CC28D /* AisleOrderEditor.swift in Sources */,
				F1FE9C6E8F4135EA9B2ED866 /* BaggedApp.swift in Sources */,
				6A7C7DD8124B62AE70911E9C /* BaggedShortcuts.swift in Sources */,
				02B943275EF425E3A477CEFE /* BarcodeScanScreen.swift in Sources */,
				B29F72E729E287F72E3B935F /* CaptureChooserSheet.swift in Sources */,
				764D7DB0A53B0BA1DF294286 /* CaptureDerivation.swift in Sources */,
				011837AF8291E7B8265EEDEC /* CaptureResultScreen.swift in Sources */,
				F38317924A6646AF4DE7DB23 /* CaptureSession.swift in Sources */,
				F19D369CE22FAD9E6CDCEBAF /* CaptureShopPicker.swift in Sources */,
				69727854DCE47859C4A064A7 /* CheckOffIntent.swift in Sources */,
				B4458E7458AD4AF15DE8328F /* EnterByHandScreen.swift in Sources */,
				4ABFEBD60AEB9C79B76CB9AA /* Environment+.swift in Sources */,
				FD98B490642C707CBF6B21E3 /* FakeScanBackend.swift in Sources */,
				247D19D0BF474F8D7C7B5EE2 /* FirstReceiptSheet.swift in Sources */,
				105CB301D4DD6C92F8169E78 /* IntentContext.swift in Sources */,
				EA7C3FDA8CF1B107D2B73A2C /* IntentList.swift in Sources */,
				3A5A8F78ADA26F0CD240814A /* IntentVoice.swift in Sources */,
				78EB33F001C8D4BE08A2B213 /* ItemDetailSheet.swift in Sources */,
				C462AE040529B80E88D6FDB9 /* LineResolverScreen.swift in Sources */,
				041FE1D9D27B41BF58F608DB /* ListCatalog.swift in Sources */,
				A0ECEB0EA9EC0C7A2A0AEC6B /* ListDerivation.swift in Sources */,
				F94E6FB6491B2C73E83F738C /* ListItemEntity.swift in Sources */,
				50B9D18D7C9CF92FAF44A4BC /* ListScreen.swift in Sources */,
				23C5C27DE0001EFDDAC6606D /* ListStore.swift in Sources */,
				E11A873AB608208B4B0E93B6 /* MoneyText.swift in Sources */,
				B25C850E1D9D6E79EA91CF0B /* MonthSpendScreen.swift in Sources */,
				E5FE9184C172062FC10BFDCF /* PriceDerivation.swift in Sources */,
				AE657DBE110AF326F9992274 /* PriceHistoryScreen.swift in Sources */,
				CEBA69433DF6BE9EF62702CB /* PriceStore.swift in Sources */,
				EAE986E179FDB5253471B315 /* PricesScreen.swift in Sources */,
				879639136075214345BBACD1 /* ProductLookup.swift in Sources */,
				E2AAFCF88484168DD99D5E24 /* ReadListIntent.swift in Sources */,
				C084A2F99AFED76203026A0D /* ReceiptCamera.swift in Sources */,
				29BCFC00F28B2597DBDCF536 /* ReceiptCameraScreen.swift in Sources */,
				155F2242088E5BC0BC3107FA /* ReceiptReviewScreen.swift in Sources */,
				E609A79F00B0784F1A63DEF7 /* RemoveItemIntent.swift in Sources */,
				D4C9BDED09DE08B91ED1FB42 /* RootView.swift in Sources */,
				E4D8593E8653148934464499 /* Route.swift in Sources */,
				7A7064B2551B960D36A2CC31 /* ScanClient.swift in Sources */,
				A0A52BF88ACE2AEF6D00C476 /* ScriptedScanBackend.swift in Sources */,
				665D5741480B15EEF4CE125D /* Sheet.swift in Sources */,
				70D1DF1B3D41B9AD545157D3 /* ShopEntity.swift in Sources */,
				3245D5CB876B9E9C2B72F901 /* ShopSwitcherSheet.swift in Sources */,
				664CF6811C6EB196E98A779F /* VisionService.swift in Sources */,
				D6668BA8D3619D6EE4332FFD /* WhatsLeftIntent.swift in Sources */,
			);
			runOnlyForDeploymentPostprocessing = 0;
		};
		AF1B95DA257BCD98AE885F73 /* Sources */ = {
			isa = PBXSourcesBuildPhase;
			buildActionMask = 2147483647;
			files = (
				B0DBD14158003166B82C4FAB /* BaggedWidget.swift in Sources */,
				CC6DEA6E1FB740965D7A0F73 /* ListCatalog.swift in Sources */,
				36B74B284373B9F531FF7AF3 /* ListDerivation.swift in Sources */,
				6C9351525D561B4E70625436 /* ListWidgetView.swift in Sources */,
				3A544631DEF10CEDA4DFAF74 /* ToggleItemIntent.swift in Sources */,
				87958CCA15C7684177EC9214 /* WidgetProvider.swift in Sources */,
			);
			runOnlyForDeploymentPostprocessing = 0;
		};
		E1AA58F948DF5C7F4070F9DE /* Sources */ = {
			isa = PBXSourcesBuildPhase;
			buildActionMask = 2147483647;
			files = (
				3B1E48B7063B14E181B26F18 /* CaptureSessionTests.swift in Sources */,
				32D14488446F083A3F124090 /* ComponentSnapshotTests.swift in Sources */,
				7F7999E601162C334C0E014F /* IntentsTests.swift in Sources */,
				5412440A3CC6F8A3DB525C47 /* ListStoreTests.swift in Sources */,
				4A489F2991196AB3E6A69885 /* PriceStoreTests.swift in Sources */,
				606B24D13C8E3B3884746989 /* ProductLookupTests.swift in Sources */,
				2CE5E64AC761B1FA177E51D3 /* ScanClientTests.swift in Sources */,
			);
			runOnlyForDeploymentPostprocessing = 0;
		};
		F2A9FC263B415B097EB3AC1A /* Sources */ = {
			isa = PBXSourcesBuildPhase;
			buildActionMask = 2147483647;
			files = (
				6CF2CA8A3FE9D51A17306CCD /* CaptureOnlyUITests.swift in Sources */,
				888AC9E68B33E154F8EC00AA /* FlowWalkthroughUITests.swift in Sources */,
				50355A63867BCDF44C85497B /* ListSheetsUITests.swift in Sources */,
				73140FB533033E9393236246 /* PricesTabUITests.swift in Sources */,
				792A0971CC9196E051B1A220 /* ReceiptFlowUITests.swift in Sources */,
			);
			runOnlyForDeploymentPostprocessing = 0;
		};
/* End PBXSourcesBuildPhase section */

/* Begin PBXTargetDependency section */
		368ED65ABE1217D2541DAFF1 /* PBXTargetDependency */ = {
			isa = PBXTargetDependency;
			target = B0012ECACF59ACDA5D358F75 /* Bagged */;
			targetProxy = 7DC8F64DF590C3674270C4FC /* PBXContainerItemProxy */;
		};
		38342AAC0EB22B89D41A664A /* PBXTargetDependency */ = {
			isa = PBXTargetDependency;
			target = 738A3BDD5D6F8FB837D04722 /* BaggedWidget */;
			targetProxy = A2EF94821F937B8B440C11EF /* PBXContainerItemProxy */;
		};
		F3B9B016F620FC8568BB2373 /* PBXTargetDependency */ = {
			isa = PBXTargetDependency;
			target = B0012ECACF59ACDA5D358F75 /* Bagged */;
			targetProxy = 7306CAD51AB9B5A99576344B /* PBXContainerItemProxy */;
		};
/* End PBXTargetDependency section */

/* Begin XCBuildConfiguration section */
		14D4A84DBB6BD790951FA375 /* Release */ = {
			isa = XCBuildConfiguration;
			buildSettings = {
				CODE_SIGN_ENTITLEMENTS = Widget/BaggedWidget.entitlements;
				INFOPLIST_FILE = Widget/Info.plist;
				LD_RUNPATH_SEARCH_PATHS = (
					"$(inherited)",
					"@executable_path/Frameworks",
					"@executable_path/../../Frameworks",
				);
				PRODUCT_BUNDLE_IDENTIFIER = app.bagged.widget;
				SDKROOT = iphoneos;
				TARGETED_DEVICE_FAMILY = "1,2";
			};
			name = Release;
		};
		16C7D1E88755608649EFA707 /* Release */ = {
			isa = XCBuildConfiguration;
			buildSettings = {
				ALWAYS_SEARCH_USER_PATHS = NO;
				CLANG_ANALYZER_NONNULL = YES;
				CLANG_ANALYZER_NUMBER_OBJECT_CONVERSION = YES_AGGRESSIVE;
				CLANG_CXX_LANGUAGE_STANDARD = "gnu++14";
				CLANG_CXX_LIBRARY = "libc++";
				CLANG_ENABLE_MODULES = YES;
				CLANG_ENABLE_OBJC_ARC = YES;
				CLANG_ENABLE_OBJC_WEAK = YES;
				CLANG_WARN_BLOCK_CAPTURE_AUTORELEASING = YES;
				CLANG_WARN_BOOL_CONVERSION = YES;
				CLANG_WARN_COMMA = YES;
				CLANG_WARN_CONSTANT_CONVERSION = YES;
				CLANG_WARN_DEPRECATED_OBJC_IMPLEMENTATIONS = YES;
				CLANG_WARN_DIRECT_OBJC_ISA_USAGE = YES_ERROR;
				CLANG_WARN_DOCUMENTATION_COMMENTS = YES;
				CLANG_WARN_EMPTY_BODY = YES;
				CLANG_WARN_ENUM_CONVERSION = YES;
				CLANG_WARN_INFINITE_RECURSION = YES;
				CLANG_WARN_INT_CONVERSION = YES;
				CLANG_WARN_NON_LITERAL_NULL_CONVERSION = YES;
				CLANG_WARN_OBJC_IMPLICIT_RETAIN_SELF = YES;
				CLANG_WARN_OBJC_LITERAL_CONVERSION = YES;
				CLANG_WARN_OBJC_ROOT_CLASS = YES_ERROR;
				CLANG_WARN_QUOTED_INCLUDE_IN_FRAMEWORK_HEADER = YES;
				CLANG_WARN_RANGE_LOOP_ANALYSIS = YES;
				CLANG_WARN_STRICT_PROTOTYPES = YES;
				CLANG_WARN_SUSPICIOUS_MOVE = YES;
				CLANG_WARN_UNGUARDED_AVAILABILITY = YES_AGGRESSIVE;
				CLANG_WARN_UNREACHABLE_CODE = YES;
				CLANG_WARN__DUPLICATE_METHOD_MATCH = YES;
				CODE_SIGN_STYLE = Automatic;
				COPY_PHASE_STRIP = NO;
				DEBUG_INFORMATION_FORMAT = "dwarf-with-dsym";
				ENABLE_NS_ASSERTIONS = NO;
				ENABLE_STRICT_OBJC_MSGSEND = YES;
				GCC_C_LANGUAGE_STANDARD = gnu11;
				GCC_NO_COMMON_BLOCKS = YES;
				GCC_WARN_64_TO_32_BIT_CONVERSION = YES;
				GCC_WARN_ABOUT_RETURN_TYPE = YES_ERROR;
				GCC_WARN_UNDECLARED_SELECTOR = YES;
				GCC_WARN_UNINITIALIZED_AUTOS = YES_AGGRESSIVE;
				GCC_WARN_UNUSED_FUNCTION = YES;
				GCC_WARN_UNUSED_VARIABLE = YES;
				IPHONEOS_DEPLOYMENT_TARGET = 18.0;
				MTL_ENABLE_DEBUG_INFO = NO;
				MTL_FAST_MATH = YES;
				PRODUCT_BUNDLE_IDENTIFIER = app.bagged;
				PRODUCT_NAME = "$(TARGET_NAME)";
				SDKROOT = iphoneos;
				SWIFT_COMPILATION_MODE = wholemodule;
				SWIFT_OPTIMIZATION_LEVEL = "-O";
				SWIFT_STRICT_CONCURRENCY = complete;
				SWIFT_VERSION = 6.0;
			};
			name = Release;
		};
		1A7798C7BF4FAFAE7940C17C /* Debug */ = {
			isa = XCBuildConfiguration;
			buildSettings = {
				CODE_SIGN_ENTITLEMENTS = Widget/BaggedWidget.entitlements;
				INFOPLIST_FILE = Widget/Info.plist;
				LD_RUNPATH_SEARCH_PATHS = (
					"$(inherited)",
					"@executable_path/Frameworks",
					"@executable_path/../../Frameworks",
				);
				PRODUCT_BUNDLE_IDENTIFIER = app.bagged.widget;
				SDKROOT = iphoneos;
				TARGETED_DEVICE_FAMILY = "1,2";
			};
			name = Debug;
		};
		39FA1A95E269D767EBFF1E37 /* Debug */ = {
			isa = XCBuildConfiguration;
			buildSettings = {
				BUNDLE_LOADER = "$(TEST_HOST)";
				INFOPLIST_FILE = Widget/Info.plist;
				LD_RUNPATH_SEARCH_PATHS = (
					"$(inherited)",
					"@executable_path/Frameworks",
					"@loader_path/Frameworks",
				);
				PRODUCT_BUNDLE_IDENTIFIER = app.bagged.widgettests;
				SDKROOT = iphoneos;
				TARGETED_DEVICE_FAMILY = "1,2";
			};
			name = Debug;
		};
		3E6AF1E2983BF644A4A485BA /* Debug */ = {
			isa = XCBuildConfiguration;
			baseConfigurationReference = ECEB9835DE8F1AAA467AEC3C /* Base.xcconfig */;
			buildSettings = {
				ASSETCATALOG_COMPILER_APPICON_NAME = AppIcon;
				CODE_SIGN_ENTITLEMENTS = App/Bagged.entitlements;
				CODE_SIGN_IDENTITY = "iPhone Developer";
				INFOPLIST_FILE = App/Info.plist;
				LD_RUNPATH_SEARCH_PATHS = (
					"$(inherited)",
					"@executable_path/Frameworks",
				);
				SDKROOT = iphoneos;
				TARGETED_DEVICE_FAMILY = "1,2";
			};
			name = Debug;
		};
		5B49B6C25A6B3591242C296E /* Release */ = {
			isa = XCBuildConfiguration;
			buildSettings = {
				BUNDLE_LOADER = "$(TEST_HOST)";
				INFOPLIST_FILE = App/Info.plist;
				LD_RUNPATH_SEARCH_PATHS = (
					"$(inherited)",
					"@executable_path/Frameworks",
					"@loader_path/Frameworks",
				);
				PRODUCT_BUNDLE_IDENTIFIER = app.bagged.tests;
				SDKROOT = iphoneos;
				TARGETED_DEVICE_FAMILY = "1,2";
				TEST_HOST = "$(BUILT_PRODUCTS_DIR)/Bagged.app/Bagged";
			};
			name = Release;
		};
		7CE0593D737E510FEDBA963F /* Debug */ = {
			isa = XCBuildConfiguration;
			buildSettings = {
				BUNDLE_LOADER = "$(TEST_HOST)";
				GENERATE_INFOPLIST_FILE = YES;
				LD_RUNPATH_SEARCH_PATHS = (
					"$(inherited)",
					"@executable_path/Frameworks",
					"@loader_path/Frameworks",
				);
				PRODUCT_BUNDLE_IDENTIFIER = app.bagged.uitests;
				SDKROOT = iphoneos;
				TARGETED_DEVICE_FAMILY = "1,2";
				TEST_TARGET_NAME = Bagged;
			};
			name = Debug;
		};
		A75B839959C4B62B11AAF01A /* Release */ = {
			isa = XCBuildConfiguration;
			baseConfigurationReference = ECEB9835DE8F1AAA467AEC3C /* Base.xcconfig */;
			buildSettings = {
				ASSETCATALOG_COMPILER_APPICON_NAME = AppIcon;
				CODE_SIGN_ENTITLEMENTS = App/Bagged.entitlements;
				CODE_SIGN_IDENTITY = "iPhone Developer";
				INFOPLIST_FILE = App/Info.plist;
				LD_RUNPATH_SEARCH_PATHS = (
					"$(inherited)",
					"@executable_path/Frameworks",
				);
				SDKROOT = iphoneos;
				TARGETED_DEVICE_FAMILY = "1,2";
			};
			name = Release;
		};
		CB68E5408647386645A60993 /* Debug */ = {
			isa = XCBuildConfiguration;
			buildSettings = {
				ALWAYS_SEARCH_USER_PATHS = NO;
				CLANG_ANALYZER_NONNULL = YES;
				CLANG_ANALYZER_NUMBER_OBJECT_CONVERSION = YES_AGGRESSIVE;
				CLANG_CXX_LANGUAGE_STANDARD = "gnu++14";
				CLANG_CXX_LIBRARY = "libc++";
				CLANG_ENABLE_MODULES = YES;
				CLANG_ENABLE_OBJC_ARC = YES;
				CLANG_ENABLE_OBJC_WEAK = YES;
				CLANG_WARN_BLOCK_CAPTURE_AUTORELEASING = YES;
				CLANG_WARN_BOOL_CONVERSION = YES;
				CLANG_WARN_COMMA = YES;
				CLANG_WARN_CONSTANT_CONVERSION = YES;
				CLANG_WARN_DEPRECATED_OBJC_IMPLEMENTATIONS = YES;
				CLANG_WARN_DIRECT_OBJC_ISA_USAGE = YES_ERROR;
				CLANG_WARN_DOCUMENTATION_COMMENTS = YES;
				CLANG_WARN_EMPTY_BODY = YES;
				CLANG_WARN_ENUM_CONVERSION = YES;
				CLANG_WARN_INFINITE_RECURSION = YES;
				CLANG_WARN_INT_CONVERSION = YES;
				CLANG_WARN_NON_LITERAL_NULL_CONVERSION = YES;
				CLANG_WARN_OBJC_IMPLICIT_RETAIN_SELF = YES;
				CLANG_WARN_OBJC_LITERAL_CONVERSION = YES;
				CLANG_WARN_OBJC_ROOT_CLASS = YES_ERROR;
				CLANG_WARN_QUOTED_INCLUDE_IN_FRAMEWORK_HEADER = YES;
				CLANG_WARN_RANGE_LOOP_ANALYSIS = YES;
				CLANG_WARN_STRICT_PROTOTYPES = YES;
				CLANG_WARN_SUSPICIOUS_MOVE = YES;
				CLANG_WARN_UNGUARDED_AVAILABILITY = YES_AGGRESSIVE;
				CLANG_WARN_UNREACHABLE_CODE = YES;
				CLANG_WARN__DUPLICATE_METHOD_MATCH = YES;
				CODE_SIGN_STYLE = Automatic;
				COPY_PHASE_STRIP = NO;
				DEBUG_INFORMATION_FORMAT = dwarf;
				ENABLE_STRICT_OBJC_MSGSEND = YES;
				ENABLE_TESTABILITY = YES;
				GCC_C_LANGUAGE_STANDARD = gnu11;
				GCC_DYNAMIC_NO_PIC = NO;
				GCC_NO_COMMON_BLOCKS = YES;
				GCC_OPTIMIZATION_LEVEL = 0;
				GCC_PREPROCESSOR_DEFINITIONS = (
					"$(inherited)",
					"DEBUG=1",
				);
				GCC_WARN_64_TO_32_BIT_CONVERSION = YES;
				GCC_WARN_ABOUT_RETURN_TYPE = YES_ERROR;
				GCC_WARN_UNDECLARED_SELECTOR = YES;
				GCC_WARN_UNINITIALIZED_AUTOS = YES_AGGRESSIVE;
				GCC_WARN_UNUSED_FUNCTION = YES;
				GCC_WARN_UNUSED_VARIABLE = YES;
				IPHONEOS_DEPLOYMENT_TARGET = 18.0;
				MTL_ENABLE_DEBUG_INFO = INCLUDE_SOURCE;
				MTL_FAST_MATH = YES;
				ONLY_ACTIVE_ARCH = YES;
				PRODUCT_BUNDLE_IDENTIFIER = app.bagged;
				PRODUCT_NAME = "$(TARGET_NAME)";
				SDKROOT = iphoneos;
				SWIFT_ACTIVE_COMPILATION_CONDITIONS = DEBUG;
				SWIFT_OPTIMIZATION_LEVEL = "-Onone";
				SWIFT_STRICT_CONCURRENCY = complete;
				SWIFT_VERSION = 6.0;
			};
			name = Debug;
		};
		D240E3D348E0BB508BE1EFEC /* Release */ = {
			isa = XCBuildConfiguration;
			buildSettings = {
				BUNDLE_LOADER = "$(TEST_HOST)";
				INFOPLIST_FILE = Widget/Info.plist;
				LD_RUNPATH_SEARCH_PATHS = (
					"$(inherited)",
					"@executable_path/Frameworks",
					"@loader_path/Frameworks",
				);
				PRODUCT_BUNDLE_IDENTIFIER = app.bagged.widgettests;
				SDKROOT = iphoneos;
				TARGETED_DEVICE_FAMILY = "1,2";
			};
			name = Release;
		};
		DA243B76F8930E83A8A27B7A /* Release */ = {
			isa = XCBuildConfiguration;
			buildSettings = {
				BUNDLE_LOADER = "$(TEST_HOST)";
				GENERATE_INFOPLIST_FILE = YES;
				LD_RUNPATH_SEARCH_PATHS = (
					"$(inherited)",
					"@executable_path/Frameworks",
					"@loader_path/Frameworks",
				);
				PRODUCT_BUNDLE_IDENTIFIER = app.bagged.uitests;
				SDKROOT = iphoneos;
				TARGETED_DEVICE_FAMILY = "1,2";
				TEST_TARGET_NAME = Bagged;
			};
			name = Release;
		};
		F30D8339EE3C6C2D34C34197 /* Debug */ = {
			isa = XCBuildConfiguration;
			buildSettings = {
				BUNDLE_LOADER = "$(TEST_HOST)";
				INFOPLIST_FILE = App/Info.plist;
				LD_RUNPATH_SEARCH_PATHS = (
					"$(inherited)",
					"@executable_path/Frameworks",
					"@loader_path/Frameworks",
				);
				PRODUCT_BUNDLE_IDENTIFIER = app.bagged.tests;
				SDKROOT = iphoneos;
				TARGETED_DEVICE_FAMILY = "1,2";
				TEST_HOST = "$(BUILT_PRODUCTS_DIR)/Bagged.app/Bagged";
			};
			name = Debug;
		};
/* End XCBuildConfiguration section */

/* Begin XCConfigurationList section */
		3F2C25CEAFB38016040F33DC /* Build configuration list for PBXNativeTarget "Bagged" */ = {
			isa = XCConfigurationList;
			buildConfigurations = (
				3E6AF1E2983BF644A4A485BA /* Debug */,
				A75B839959C4B62B11AAF01A /* Release */,
			);
			defaultConfigurationIsVisible = 0;
			defaultConfigurationName = Debug;
		};
		57CC63F1A1303625B26B589B /* Build configuration list for PBXProject "Bagged" */ = {
			isa = XCConfigurationList;
			buildConfigurations = (
				CB68E5408647386645A60993 /* Debug */,
				16C7D1E88755608649EFA707 /* Release */,
			);
			defaultConfigurationIsVisible = 0;
			defaultConfigurationName = Debug;
		};
		685425012FD22907B5AF3820 /* Build configuration list for PBXNativeTarget "BaggedWidget" */ = {
			isa = XCConfigurationList;
			buildConfigurations = (
				1A7798C7BF4FAFAE7940C17C /* Debug */,
				14D4A84DBB6BD790951FA375 /* Release */,
			);
			defaultConfigurationIsVisible = 0;
			defaultConfigurationName = Debug;
		};
		6D790B1F0EF02A0C7EE5C129 /* Build configuration list for PBXNativeTarget "BaggedTests" */ = {
			isa = XCConfigurationList;
			buildConfigurations = (
				F30D8339EE3C6C2D34C34197 /* Debug */,
				5B49B6C25A6B3591242C296E /* Release */,
			);
			defaultConfigurationIsVisible = 0;
			defaultConfigurationName = Debug;
		};
		970295121FAEE74AF3C15714 /* Build configuration list for PBXNativeTarget "BaggedUITests" */ = {
			isa = XCConfigurationList;
			buildConfigurations = (
				7CE0593D737E510FEDBA963F /* Debug */,
				DA243B76F8930E83A8A27B7A /* Release */,
			);
			defaultConfigurationIsVisible = 0;
			defaultConfigurationName = Debug;
		};
		A308DB296421AF91E1F7DC3E /* Build configuration list for PBXNativeTarget "WidgetTests" */ = {
			isa = XCConfigurationList;
			buildConfigurations = (
				39FA1A95E269D767EBFF1E37 /* Debug */,
				D240E3D348E0BB508BE1EFEC /* Release */,
			);
			defaultConfigurationIsVisible = 0;
			defaultConfigurationName = Debug;
		};
/* End XCConfigurationList section */

/* Begin XCLocalSwiftPackageReference section */
		447C0EC0FEBD00627D11B9F5 /* XCLocalSwiftPackageReference "Packages/Core" */ = {
			isa = XCLocalSwiftPackageReference;
			relativePath = Packages/Core;
		};
		A9B65639BBFF5039FE114B6C /* XCLocalSwiftPackageReference "Packages/Data" */ = {
			isa = XCLocalSwiftPackageReference;
			relativePath = Packages/Data;
		};
		C99F45FD3917BA4EBFB15FCD /* XCLocalSwiftPackageReference "Packages/DesignKit" */ = {
			isa = XCLocalSwiftPackageReference;
			relativePath = Packages/DesignKit;
		};
		F92449DE5CD7059C4EB56C90 /* XCLocalSwiftPackageReference "Packages/Catalog" */ = {
			isa = XCLocalSwiftPackageReference;
			relativePath = Packages/Catalog;
		};
/* End XCLocalSwiftPackageReference section */

/* Begin XCRemoteSwiftPackageReference section */
		00E8A5FEC6C358FD797A0268 /* XCRemoteSwiftPackageReference "swift-snapshot-testing" */ = {
			isa = XCRemoteSwiftPackageReference;
			repositoryURL = "https://github.com/pointfreeco/swift-snapshot-testing";
			requirement = {
				kind = upToNextMajorVersion;
				minimumVersion = 1.18.0;
			};
		};
/* End XCRemoteSwiftPackageReference section */

/* Begin XCSwiftPackageProductDependency section */
		1D244DCC5B6E96F7B93F57A4 /* Catalog */ = {
			isa = XCSwiftPackageProductDependency;
			productName = Catalog;
		};
		23504A04665E3F8D751805B7 /* Data */ = {
			isa = XCSwiftPackageProductDependency;
			productName = Data;
		};
		49B29BF1BF358620CCF0FFCE /* Data */ = {
			isa = XCSwiftPackageProductDependency;
			productName = Data;
		};
		531582A190BBD61957C9F8A7 /* DesignKit */ = {
			isa = XCSwiftPackageProductDependency;
			productName = DesignKit;
		};
		603A9A9EE0C492D5C7C85687 /* Core */ = {
			isa = XCSwiftPackageProductDependency;
			productName = Core;
		};
		635D385562A124E4E8B0D559 /* Catalog */ = {
			isa = XCSwiftPackageProductDependency;
			productName = Catalog;
		};
		8FEEA1A429E6738D5F1510FC /* Core */ = {
			isa = XCSwiftPackageProductDependency;
			productName = Core;
		};
		919FA0E84ED33100E26EDB70 /* Data */ = {
			isa = XCSwiftPackageProductDependency;
			productName = Data;
		};
		A01EDB2CE8303B339E2FBB67 /* DesignKit */ = {
			isa = XCSwiftPackageProductDependency;
			productName = DesignKit;
		};
		A98860DFD24E684196649D5B /* DesignKit */ = {
			isa = XCSwiftPackageProductDependency;
			productName = DesignKit;
		};
		AFF363EDF10F31CE9D57361B /* SnapshotTesting */ = {
			isa = XCSwiftPackageProductDependency;
			package = 00E8A5FEC6C358FD797A0268 /* XCRemoteSwiftPackageReference "swift-snapshot-testing" */;
			productName = SnapshotTesting;
		};
		C4199C3201916F74B5CEB12B /* Catalog */ = {
			isa = XCSwiftPackageProductDependency;
			productName = Catalog;
		};
		D769272F2C3E4E2261642629 /* Core */ = {
			isa = XCSwiftPackageProductDependency;
			productName = Core;
		};
/* End XCSwiftPackageProductDependency section */
	};
	rootObject = D04B6DB400FA85A8BF417973 /* Project object */;
}
